
Microsoft Visual Studio Solution File, Format Version 12.00
# Visual Studio Version 16
VisualStudioVersion = 16.0.31624.102
MinimumVisualStudioVersion = 10.0.40219.1
Project("{159641D6-6404-4A2A-AE62-294DE0FE8301}") = "MediazonETL", "MediazonETL.dtproj", "{91336910-0B5C-4424-BE66-D7C43853BE90}"
EndProject
Global
	GlobalSection(SolutionConfigurationPlatforms) = preSolution
		Development|Default = Development|Default
	EndGlobalSection
	GlobalSection(ProjectConfigurationPlatforms) = postSolution
		{91336910-0B5C-4424-BE66-D7C43853BE90}.Development|Default.ActiveCfg = Development
		{91336910-0B5C-4424-BE66-D7C43853BE90}.Development|Default.Build.0 = Development
	EndGlobalSection
	GlobalSection(SolutionProperties) = preSolution
		HideSolutionNode = FALSE
	EndGlobalSection
	GlobalSection(ExtensibilityGlobals) = postSolution
		SolutionGuid = {D6C08E93-1EDE-467A-B326-DB948CAD99B7}
	EndGlobalSection
EndGlobal
